
Microsoft Visual Studio Solution File, Format Version 12.00
# Visual Studio Version 17
VisualStudioVersion = 17.3.32929.385
MinimumVisualStudioVersion = 10.0.40219.1
Project("{8BC9CEB8-8B4A-11D0-8D11-00A0C91BC942}") = "GameOver", "GameOver\GameOver.vcxproj", "{2D9E4B6C-C951-456F-9077-69A95F6D7924}"
EndProject
Project("{2150E333-8FDC-42A3-9474-1A3956D46DE8}") = "Lesson1", "Lesson1", "{2303620A-0A4D-4546-9D0A-CC8EE2E95122}"
EndProject
Project("{8BC9CEB8-8B4A-11D0-8D11-00A0C91BC942}") = "ExpensiveCalculator", "ExpensiveCalculator\ExpensiveCalculator.vcxproj", "{78D7B8A7-0C19-4D5A-B748-3CC449D5C1BF}"
EndProject
Project("{8BC9CEB8-8B4A-11D0-8D11-00A0C91BC942}") = "GameStats", "GameStats\GameStats.vcxproj", "{18A1A2D6-A689-437B-8D4E-8F94AB9DE16E}"
EndProject
Project("{8BC9CEB8-8B4A-11D0-8D11-00A0C91BC942}") = "GameStats2.0", "GameStats2.0\GameStats2.0.vcxproj", "{ECD710CD-28E7-4809-8A7D-1942E6F04060}"
EndProject
Project("{8BC9CEB8-8B4A-11D0-8D11-00A0C91BC942}") = "GameStats3.0", "GameStats3.0\GameStats3.0.vcxproj", "{051413C0-0AE8-421B-A0FD-B42FB965193B}"
EndProject
Project("{8BC9CEB8-8B4A-11D0-8D11-00A0C91BC942}") = "LostFortune", "LostFortune\LostFortune.vcxproj", "{CD8AFF1A-4699-4F72-BD06-E1CFBCD6A707}"
EndProject
Global
	GlobalSection(SolutionConfigurationPlatforms) = preSolution
		Debug|x64 = Debug|x64
		Debug|x86 = Debug|x86
		Release|x64 = Release|x64
		Release|x86 = Release|x86
	EndGlobalSection
	GlobalSection(ProjectConfigurationPlatforms) = postSolution
		{2D9E4B6C-C951-456F-9077-69A95F6D7924}.Debug|x64.ActiveCfg = Debug|x64
		{2D9E4B6C-C951-456F-9077-69A95F6D7924}.Debug|x64.Build.0 = Debug|x64
		{2D9E4B6C-C951-456F-9077-69A95F6D7924}.Debug|x86.ActiveCfg = Debug|Win32
		{2D9E4B6C-C951-456F-9077-69A95F6D7924}.Debug|x86.Build.0 = Debug|Win32
		{2D9E4B6C-C951-456F-9077-69A95F6D7924}.Release|x64.ActiveCfg = Release|x64
		{2D9E4B6C-C951-456F-9077-69A95F6D7924}.Release|x64.Build.0 = Release|x64
		{2D9E4B6C-C951-456F-9077-69A95F6D7924}.Release|x86.ActiveCfg = Release|Win32
		{2D9E4B6C-C951-456F-9077-69A95F6D7924}.Release|x86.Build.0 = Release|Win32
		{78D7B8A7-0C19-4D5A-B748-3CC449D5C1BF}.Debug|x64.ActiveCfg = Debug|x64
		{78D7B8A7-0C19-4D5A-B748-3CC449D5C1BF}.Debug|x64.Build.0 = Debug|x64
		{78D7B8A7-0C19-4D5A-B748-3CC449D5C1BF}.Debug|x86.ActiveCfg = Debug|Win32
		{78D7B8A7-0C19-4D5A-B748-3CC449D5C1BF}.Debug|x86.Build.0 = Debug|Win32
		{78D7B8A7-0C19-4D5A-B748-3CC449D5C1BF}.Release|x64.ActiveCfg = Release|x64
		{78D7B8A7-0C19-4D5A-B748-3CC449D5C1BF}.Release|x64.Build.0 = Release|x64
		{78D7B8A7-0C19-4D5A-B748-3CC449D5C1BF}.Release|x86.ActiveCfg = Release|Win32
		{78D7B8A7-0C19-4D5A-B748-3CC449D5C1BF}.Release|x86.Build.0 = Release|Win32
		{18A1A2D6-A689-437B-8D4E-8F94AB9DE16E}.Debug|x64.ActiveCfg = Debug|x64
		{18A1A2D6-A689-437B-8D4E-8F94AB9DE16E}.Debug|x64.Build.0 = Debug|x64
		{18A1A2D6-A689-437B-8D4E-8F94AB9DE16E}.Debug|x86.ActiveCfg = Debug|Win32
		{18A1A2D6-A689-437B-8D4E-8F94AB9DE16E}.Debug|x86.Build.0 = Debug|Win32
		{18A1A2D6-A689-437B-8D4E-8F94AB9DE16E}.Release|x64.ActiveCfg = Release|x64
		{18A1A2D6-A689-437B-8D4E-8F94AB9DE16E}.Release|x64.Build.0 = Release|x64
		{18A1A2D6-A689-437B-8D4E-8F94AB9DE16E}.Release|x86.ActiveCfg = Release|Win32
		{18A1A2D6-A689-437B-8D4E-8F94AB9DE16E}.Release|x86.Build.0 = Release|Win32
		{ECD710CD-28E7-4809-8A7D-1942E6F04060}.Debug|x64.ActiveCfg = Debug|x64
		{ECD710CD-28E7-4809-8A7D-1942E6F04060}.Debug|x64.Build.0 = Debug|x64
		{ECD710CD-28E7-4809-8A7D-1942E6F04060}.Debug|x86.ActiveCfg = Debug|Win32
		{ECD710CD-28E7-4809-8A7D-1942E6F04060}.Debug|x86.Build.0 = Debug|Win32
		{ECD710CD-28E7-4809-8A7D-1942E6F04060}.Release|x64.ActiveCfg = Release|x64
		{ECD710CD-28E7-4809-8A7D-1942E6F04060}.Release|x64.Build.0 = Release|x64
		{ECD710CD-28E7-4809-8A7D-1942E6F04060}.Release|x86.ActiveCfg = Release|Win32
		{ECD710CD-28E7-4809-8A7D-1942E6F04060}.Release|x86.Build.0 = Release|Win32
		{051413C0-0AE8-421B-A0FD-B42FB965193B}.Debug|x64.ActiveCfg = Debug|x64
		{051413C0-0AE8-421B-A0FD-B42FB965193B}.Debug|x64.Build.0 = Debug|x64
		{051413C0-0AE8-421B-A0FD-B42FB965193B}.Debug|x86.ActiveCfg = Debug|Win32
		{051413C0-0AE8-421B-A0FD-B42FB965193B}.Debug|x86.Build.0 = Debug|Win32
		{051413C0-0AE8-421B-A0FD-B42FB965193B}.Release|x64.ActiveCfg = Release|x64
		{051413C0-0AE8-421B-A0FD-B42FB965193B}.Release|x64.Build.0 = Release|x64
		{051413C0-0AE8-421B-A0FD-B42FB965193B}.Release|x86.ActiveCfg = Release|Win32
		{051413C0-0AE8-421B-A0FD-B42FB965193B}.Release|x86.Build.0 = Release|Win32
		{CD8AFF1A-4699-4F72-BD06-E1CFBCD6A707}.Debug|x64.ActiveCfg = Debug|x64
		{CD8AFF1A-4699-4F72-BD06-E1CFBCD6A707}.Debug|x64.Build.0 = Debug|x64
		{CD8AFF1A-4699-4F72-BD06-E1CFBCD6A707}.Debug|x86.ActiveCfg = Debug|Win32
		{CD8AFF1A-4699-4F72-BD06-E1CFBCD6A707}.Debug|x86.Build.0 = Debug|Win32
		{CD8AFF1A-4699-4F72-BD06-E1CFBCD6A707}.Release|x64.ActiveCfg = Release|x64
		{CD8AFF1A-4699-4F72-BD06-E1CFBCD6A707}.Release|x64.Build.0 = Release|x64
		{CD8AFF1A-4699-4F72-BD06-E1CFBCD6A707}.Release|x86.ActiveCfg = Release|Win32
		{CD8AFF1A-4699-4F72-BD06-E1CFBCD6A707}.Release|x86.Build.0 = Release|Win32
	EndGlobalSection
	GlobalSection(SolutionProperties) = preSolution
		HideSolutionNode = FALSE
	EndGlobalSection
	GlobalSection(NestedProjects) = preSolution
		{2D9E4B6C-C951-456F-9077-69A95F6D7924} = {2303620A-0A4D-4546-9D0A-CC8EE2E95122}
		{78D7B8A7-0C19-4D5A-B748-3CC449D5C1BF} = {2303620A-0A4D-4546-9D0A-CC8EE2E95122}
		{18A1A2D6-A689-437B-8D4E-8F94AB9DE16E} = {2303620A-0A4D-4546-9D0A-CC8EE2E95122}
		{ECD710CD-28E7-4809-8A7D-1942E6F04060} = {2303620A-0A4D-4546-9D0A-CC8EE2E95122}
		{051413C0-0AE8-421B-A0FD-B42FB965193B} = {2303620A-0A4D-4546-9D0A-CC8EE2E95122}
		{CD8AFF1A-4699-4F72-BD06-E1CFBCD6A707} = {2303620A-0A4D-4546-9D0A-CC8EE2E95122}
	EndGlobalSection
	GlobalSection(ExtensibilityGlobals) = postSolution
		SolutionGuid = {10ECF653-3914-485D-95D0-2CC91A3C8E5F}
	EndGlobalSection
EndGlobal
